// !$*UTF8*$!
{
	archiveVersion = 1;
	classes = {
	};
	objectVersion = 50;
	objects = {

/* Begin PBXBuildFile section */
		088787BEE0A8180A0F223CD6 /* Pods_Balls.framework in Frameworks */ = {isa = PBXBuildFile; fileRef = 5E8D8346A6D0EB6E65256242 /* Pods_Balls.framework */; };
		3F2CD1173F80EABC1C411961 /* Pods_BallsTests.framework in Frameworks */ = {isa = PBXBuildFile; fileRef = 38A1E782EE7992D8C5873C41 /* Pods_BallsTests.framework */; };
		7809839A22902498009FB80D /* SignInViewController.swift in Sources */ = {isa = PBXBuildFile; fileRef = 7809839922902498009FB80D /* SignInViewController.swift */; };
		7809839C229035B5009FB80D /* UIGradientView.swift in Sources */ = {isa = PBXBuildFile; fileRef = 7809839B229035B5009FB80D /* UIGradientView.swift */; };
		78711B6C228FD1A5007FE6FD /* AppDelegate.swift in Sources */ = {isa = PBXBuildFile; fileRef = 78711B6B228FD1A5007FE6FD /* AppDelegate.swift */; };
		78711B75228FD1A7007FE6FD /* Assets.xcassets in Resources */ = {isa = PBXBuildFile; fileRef = 78711B74228FD1A7007FE6FD /* Assets.xcassets */; };
		78711B78228FD1A7007FE6FD /* LaunchScreen.storyboard in Resources */ = {isa = PBXBuildFile; fileRef = 78711B76228FD1A7007FE6FD /* LaunchScreen.storyboard */; };
		78711B83228FD1A7007FE6FD /* BallsTests.swift in Sources */ = {isa = PBXBuildFile; fileRef = 78711B82228FD1A7007FE6FD /* BallsTests.swift */; };
		78711B8E228FD1A7007FE6FD /* BallsUITests.swift in Sources */ = {isa = PBXBuildFile; fileRef = 78711B8D228FD1A7007FE6FD /* BallsUITests.swift */; };
		78711B9C228FD6D3007FE6FD /* UIBallView.swift in Sources */ = {isa = PBXBuildFile; fileRef = 78711B9B228FD6D3007FE6FD /* UIBallView.swift */; };
		78711B9E228FDF71007FE6FD /* UIColor+Application.swift in Sources */ = {isa = PBXBuildFile; fileRef = 78711B9D228FDF71007FE6FD /* UIColor+Application.swift */; };
		78C41B852290439F0031F94E /* SourceSansPro-Black.otf in Resources */ = {isa = PBXBuildFile; fileRef = 78C41B792290439E0031F94E /* SourceSansPro-Black.otf */; };
		78C41B862290439F0031F94E /* SourceSansPro-It.otf in Resources */ = {isa = PBXBuildFile; fileRef = 78C41B7A2290439E0031F94E /* SourceSansPro-It.otf */; };
		78C41B872290439F0031F94E /* SourceSansPro-Semibold.otf in Resources */ = {isa = PBXBuildFile; fileRef = 78C41B7B2290439E0031F94E /* SourceSansPro-Semibold.otf */; };
		78C41B882290439F0031F94E /* SourceSansPro-ExtraLightIt.otf in Resources */ = {isa = PBXBuildFile; fileRef = 78C41B7C2290439F0031F94E /* SourceSansPro-ExtraLightIt.otf */; };
		78C41B892290439F0031F94E /* SourceSansPro-LightIt.otf in Resources */ = {isa = PBXBuildFile; fileRef = 78C41B7D2290439F0031F94E /* SourceSansPro-LightIt.otf */; };
		78C41B8A2290439F0031F94E /* SourceSansPro-Regular.otf in Resources */ = {isa = PBXBuildFile; fileRef = 78C41B7E2290439F0031F94E /* SourceSansPro-Regular.otf */; };
		78C41B8B2290439F0031F94E /* SourceSansPro-Bold.otf in Resources */ = {isa = PBXBuildFile; fileRef = 78C41B7F2290439F0031F94E /* SourceSansPro-Bold.otf */; };
		78C41B8C2290439F0031F94E /* SourceSansPro-SemiboldIt.otf in Resources */ = {isa = PBXBuildFile; fileRef = 78C41B802290439F0031F94E /* SourceSansPro-SemiboldIt.otf */; };
		78C41B8D2290439F0031F94E /* SourceSansPro-Light.otf in Resources */ = {isa = PBXBuildFile; fileRef = 78C41B812290439F0031F94E /* SourceSansPro-Light.otf */; };
		78C41B8E2290439F0031F94E /* SourceSansPro-BlackIt.otf in Resources */ = {isa = PBXBuildFile; fileRef = 78C41B822290439F0031F94E /* SourceSansPro-BlackIt.otf */; };
		78C41B8F2290439F0031F94E /* SourceSansPro-BoldIt.otf in Resources */ = {isa = PBXBuildFile; fileRef = 78C41B832290439F0031F94E /* SourceSansPro-BoldIt.otf */; };
		78C41B902290439F0031F94E /* SourceSansPro-ExtraLight.otf in Resources */ = {isa = PBXBuildFile; fileRef = 78C41B842290439F0031F94E /* SourceSansPro-ExtraLight.otf */; };
		78C41B92229044820031F94E /* UIFont+Application.swift in Sources */ = {isa = PBXBuildFile; fileRef = 78C41B91229044820031F94E /* UIFont+Application.swift */; };
		78C41B94229045BC0031F94E /* arlrdbd.ttf in Resources */ = {isa = PBXBuildFile; fileRef = 78C41B93229045B70031F94E /* arlrdbd.ttf */; };
		F76CB77138BEA337206CBAD6 /* Pods_BallsUITests.framework in Frameworks */ = {isa = PBXBuildFile; fileRef = 2B9AD5603683E3D8ADFBC05A /* Pods_BallsUITests.framework */; };
/* End PBXBuildFile section */

/* Begin PBXContainerItemProxy section */
		78711B7F228FD1A7007FE6FD /* PBXContainerItemProxy */ = {
			isa = PBXContainerItemProxy;
			containerPortal = 78711B60228FD1A5007FE6FD /* Project object */;
			proxyType = 1;
			remoteGlobalIDString = 78711B67228FD1A5007FE6FD;
			remoteInfo = Balls;
		};
		78711B8A228FD1A7007FE6FD /* PBXContainerItemProxy */ = {
			isa = PBXContainerItemProxy;
			containerPortal = 78711B60228FD1A5007FE6FD /* Project object */;
			proxyType = 1;
			remoteGlobalIDString = 78711B67228FD1A5007FE6FD;
			remoteInfo = Balls;
		};
/* End PBXContainerItemProxy section */

/* Begin PBXFileReference section */
		1CC66D03E9F772E9377B8889 /* Pods-Balls.release.xcconfig */ = {isa = PBXFileReference; includeInIndex = 1; lastKnownFileType = text.xcconfig; name = "Pods-Balls.release.xcconfig"; path = "Pods/Target Support Files/Pods-Balls/Pods-Balls.release.xcconfig"; sourceTree = "<group>"; };
		2B9AD5603683E3D8ADFBC05A /* Pods_BallsUITests.framework */ = {isa = PBXFileReference; explicitFileType = wrapper.framework; includeInIndex = 0; path = Pods_BallsUITests.framework; sourceTree = BUILT_PRODUCTS_DIR; };
		315EEB9D89A45340D0D9A6E3 /* Pods-BallsTests.debug.xcconfig */ = {isa = PBXFileReference; includeInIndex = 1; lastKnownFileType = text.xcconfig; name = "Pods-BallsTests.debug.xcconfig"; path = "Pods/Target Support Files/Pods-BallsTests/Pods-BallsTests.debug.xcconfig"; sourceTree = "<group>"; };
		38A1E782EE7992D8C5873C41 /* Pods_BallsTests.framework */ = {isa = PBXFileReference; explicitFileType = wrapper.framework; includeInIndex = 0; path = Pods_BallsTests.framework; sourceTree = BUILT_PRODUCTS_DIR; };
		5E8D8346A6D0EB6E65256242 /* Pods_Balls.framework */ = {isa = PBXFileReference; explicitFileType = wrapper.framework; includeInIndex = 0; path = Pods_Balls.framework; sourceTree = BUILT_PRODUCTS_DIR; };
		7809839922902498009FB80D /* SignInViewController.swift */ = {isa = PBXFileReference; lastKnownFileType = sourcecode.swift; path = SignInViewController.swift; sourceTree = "<group>"; };
		7809839B229035B5009FB80D /* UIGradientView.swift */ = {isa = PBXFileReference; lastKnownFileType = sourcecode.swift; path = UIGradientView.swift; sourceTree = "<group>"; };
		78711B68228FD1A5007FE6FD /* Balls.app */ = {isa = PBXFileReference; explicitFileType = wrapper.application; includeInIndex = 0; path = Balls.app; sourceTree = BUILT_PRODUCTS_DIR; };
		78711B6B228FD1A5007FE6FD /* AppDelegate.swift */ = {isa = PBXFileReference; lastKnownFileType = sourcecode.swift; path = AppDelegate.swift; sourceTree = "<group>"; };
		78711B74228FD1A7007FE6FD /* Assets.xcassets */ = {isa = PBXFileReference; lastKnownFileType = folder.assetcatalog; path = Assets.xcassets; sourceTree = "<group>"; };
		78711B77228FD1A7007FE6FD /* Base */ = {isa = PBXFileReference; lastKnownFileType = file.storyboard; name = Base; path = Base.lproj/LaunchScreen.storyboard; sourceTree = "<group>"; };
		78711B79228FD1A7007FE6FD /* Info.plist */ = {isa = PBXFileReference; lastKnownFileType = text.plist.xml; path = Info.plist; sourceTree = "<group>"; };
		78711B7E228FD1A7007FE6FD /* BallsTests.xctest */ = {isa = PBXFileReference; explicitFileType = wrapper.cfbundle; includeInIndex = 0; path = BallsTests.xctest; sourceTree = BUILT_PRODUCTS_DIR; };
		78711B82228FD1A7007FE6FD /* BallsTests.swift */ = {isa = PBXFileReference; lastKnownFileType = sourcecode.swift; path = BallsTests.swift; sourceTree = "<group>"; };
		78711B84228FD1A7007FE6FD /* Info.plist */ = {isa = PBXFileReference; lastKnownFileType = text.plist.xml; path = Info.plist; sourceTree = "<group>"; };
		78711B89228FD1A7007FE6FD /* BallsUITests.xctest */ = {isa = PBXFileReference; explicitFileType = wrapper.cfbundle; includeInIndex = 0; path = BallsUITests.xctest; sourceTree = BUILT_PRODUCTS_DIR; };
		78711B8D228FD1A7007FE6FD /* BallsUITests.swift */ = {isa = PBXFileReference; lastKnownFileType = sourcecode.swift; path = BallsUITests.swift; sourceTree = "<group>"; };
		78711B8F228FD1A7007FE6FD /* Info.plist */ = {isa = PBXFileReference; lastKnownFileType = text.plist.xml; path = Info.plist; sourceTree = "<group>"; };
		78711B9B228FD6D3007FE6FD /* UIBallView.swift */ = {isa = PBXFileReference; lastKnownFileType = sourcecode.swift; path = UIBallView.swift; sourceTree = "<group>"; };
		78711B9D228FDF71007FE6FD /* UIColor+Application.swift */ = {isa = PBXFileReference; lastKnownFileType = sourcecode.swift; path = "UIColor+Application.swift"; sourceTree = "<group>"; };
		78C41B792290439E0031F94E /* SourceSansPro-Black.otf */ = {isa = PBXFileReference; lastKnownFileType = file; path = "SourceSansPro-Black.otf"; sourceTree = "<group>"; };
		78C41B7A2290439E0031F94E /* SourceSansPro-It.otf */ = {isa = PBXFileReference; lastKnownFileType = file; path = "SourceSansPro-It.otf"; sourceTree = "<group>"; };
		78C41B7B2290439E0031F94E /* SourceSansPro-Semibold.otf */ = {isa = PBXFileReference; lastKnownFileType = file; path = "SourceSansPro-Semibold.otf"; sourceTree = "<group>"; };
		78C41B7C2290439F0031F94E /* SourceSansPro-ExtraLightIt.otf */ = {isa = PBXFileReference; lastKnownFileType = file; path = "SourceSansPro-ExtraLightIt.otf"; sourceTree = "<group>"; };
		78C41B7D2290439F0031F94E /* SourceSansPro-LightIt.otf */ = {isa = PBXFileReference; lastKnownFileType = file; path = "SourceSansPro-LightIt.otf"; sourceTree = "<group>"; };
		78C41B7E2290439F0031F94E /* SourceSansPro-Regular.otf */ = {isa = PBXFileReference; lastKnownFileType = file; path = "SourceSansPro-Regular.otf"; sourceTree = "<group>"; };
		78C41B7F2290439F0031F94E /* SourceSansPro-Bold.otf */ = {isa = PBXFileReference; lastKnownFileType = file; path = "SourceSansPro-Bold.otf"; sourceTree = "<group>"; };
		78C41B802290439F0031F94E /* SourceSansPro-SemiboldIt.otf */ = {isa = PBXFileReference; lastKnownFileType = file; path = "SourceSansPro-SemiboldIt.otf"; sourceTree = "<group>"; };
		78C41B812290439F0031F94E /* SourceSansPro-Light.otf */ = {isa = PBXFileReference; lastKnownFileType = file; path = "SourceSansPro-Light.otf"; sourceTree = "<group>"; };
		78C41B822290439F0031F94E /* SourceSansPro-BlackIt.otf */ = {isa = PBXFileReference; lastKnownFileType = file; path = "SourceSansPro-BlackIt.otf"; sourceTree = "<group>"; };
		78C41B832290439F0031F94E /* SourceSansPro-BoldIt.otf */ = {isa = PBXFileReference; lastKnownFileType = file; path = "SourceSansPro-BoldIt.otf"; sourceTree = "<group>"; };
		78C41B842290439F0031F94E /* SourceSansPro-ExtraLight.otf */ = {isa = PBXFileReference; lastKnownFileType = file; path = "SourceSansPro-ExtraLight.otf"; sourceTree = "<group>"; };
		78C41B91229044820031F94E /* UIFont+Application.swift */ = {isa = PBXFileReference; lastKnownFileType = sourcecode.swift; path = "UIFont+Application.swift"; sourceTree = "<group>"; };
		78C41B93229045B70031F94E /* arlrdbd.ttf */ = {isa = PBXFileReference; lastKnownFileType = file; path = arlrdbd.ttf; sourceTree = "<group>"; };
		90B69F72CDA314B867B1BBF3 /* Pods-BallsUITests.release.xcconfig */ = {isa = PBXFileReference; includeInIndex = 1; lastKnownFileType = text.xcconfig; name = "Pods-BallsUITests.release.xcconfig"; path = "Pods/Target Support Files/Pods-BallsUITests/Pods-BallsUITests.release.xcconfig"; sourceTree = "<group>"; };
		AD1FBFAAB6E1F6F0B2D7ABA7 /* Pods-BallsUITests.debug.xcconfig */ = {isa = PBXFileReference; includeInIndex = 1; lastKnownFileType = text.xcconfig; name = "Pods-BallsUITests.debug.xcconfig"; path = "Pods/Target Support Files/Pods-BallsUITests/Pods-BallsUITests.debug.xcconfig"; sourceTree = "<group>"; };
		AEA937620E54AEFD61F096FB /* Pods-Balls.debug.xcconfig */ = {isa = PBXFileReference; includeInIndex = 1; lastKnownFileType = text.xcconfig; name = "Pods-Balls.debug.xcconfig"; path = "Pods/Target Support Files/Pods-Balls/Pods-Balls.debug.xcconfig"; sourceTree = "<group>"; };
		ED9423E312D7C0E5F1FA2312 /* Pods-BallsTests.release.xcconfig */ = {isa = PBXFileReference; includeInIndex = 1; lastKnownFileType = text.xcconfig; name = "Pods-BallsTests.release.xcconfig"; path = "Pods/Target Support Files/Pods-BallsTests/Pods-BallsTests.release.xcconfig"; sourceTree = "<group>"; };
/* End PBXFileReference section */

/* Begin PBXFrameworksBuildPhase section */
		78711B65228FD1A5007FE6FD /* Frameworks */ = {
			isa = PBXFrameworksBuildPhase;
			buildActionMask = 2147483647;
			files = (
				088787BEE0A8180A0F223CD6 /* Pods_Balls.framework in Frameworks */,
			);
			runOnlyForDeploymentPostprocessing = 0;
		};
		78711B7B228FD1A7007FE6FD /* Frameworks */ = {
			isa = PBXFrameworksBuildPhase;
			buildActionMask = 2147483647;
			files = (
				3F2CD1173F80EABC1C411961 /* Pods_BallsTests.framework in Frameworks */,
			);
			runOnlyForDeploymentPostprocessing = 0;
		};
		78711B86228FD1A7007FE6FD /* Frameworks */ = {
			isa = PBXFrameworksBuildPhase;
			buildActionMask = 2147483647;
			files = (
				F76CB77138BEA337206CBAD6 /* Pods_BallsUITests.framework in Frameworks */,
			);
			runOnlyForDeploymentPostprocessing = 0;
		};
/* End PBXFrameworksBuildPhase section */

/* Begin PBXGroup section */
		3D2BC3F0347AD41067D0CA3C /* Frameworks */ = {
			isa = PBXGroup;
			children = (
				5E8D8346A6D0EB6E65256242 /* Pods_Balls.framework */,
				38A1E782EE7992D8C5873C41 /* Pods_BallsTests.framework */,
				2B9AD5603683E3D8ADFBC05A /* Pods_BallsUITests.framework */,
			);
			name = Frameworks;
			sourceTree = "<group>";
		};
		41433CAAC4CCB85A816558C4 /* Pods */ = {
			isa = PBXGroup;
			children = (
				AEA937620E54AEFD61F096FB /* Pods-Balls.debug.xcconfig */,
				1CC66D03E9F772E9377B8889 /* Pods-Balls.release.xcconfig */,
				315EEB9D89A45340D0D9A6E3 /* Pods-BallsTests.debug.xcconfig */,
				ED9423E312D7C0E5F1FA2312 /* Pods-BallsTests.release.xcconfig */,
				AD1FBFAAB6E1F6F0B2D7ABA7 /* Pods-BallsUITests.debug.xcconfig */,
				90B69F72CDA314B867B1BBF3 /* Pods-BallsUITests.release.xcconfig */,
			);
			name = Pods;
			sourceTree = "<group>";
		};
		78711B5F228FD1A5007FE6FD = {
			isa = PBXGroup;
			children = (
				78711B6A228FD1A5007FE6FD /* Balls */,
				78711B81228FD1A7007FE6FD /* BallsTests */,
				78711B8C228FD1A7007FE6FD /* BallsUITests */,
				78711B69228FD1A5007FE6FD /* Products */,
				41433CAAC4CCB85A816558C4 /* Pods */,
				3D2BC3F0347AD41067D0CA3C /* Frameworks */,
			);
			sourceTree = "<group>";
		};
		78711B69228FD1A5007FE6FD /* Products */ = {
			isa = PBXGroup;
			children = (
				78711B68228FD1A5007FE6FD /* Balls.app */,
				78711B7E228FD1A7007FE6FD /* BallsTests.xctest */,
				78711B89228FD1A7007FE6FD /* BallsUITests.xctest */,
			);
			name = Products;
			sourceTree = "<group>";
		};
		78711B6A228FD1A5007FE6FD /* Balls */ = {
			isa = PBXGroup;
			children = (
				78C41B78229043840031F94E /* Fonts */,
				78711B6B228FD1A5007FE6FD /* AppDelegate.swift */,
				7809839922902498009FB80D /* SignInViewController.swift */,
				78711B74228FD1A7007FE6FD /* Assets.xcassets */,
				78711B76228FD1A7007FE6FD /* LaunchScreen.storyboard */,
				78711B79228FD1A7007FE6FD /* Info.plist */,
				7809839B229035B5009FB80D /* UIGradientView.swift */,
				78711B9B228FD6D3007FE6FD /* UIBallView.swift */,
				78711B9D228FDF71007FE6FD /* UIColor+Application.swift */,
				78C41B91229044820031F94E /* UIFont+Application.swift */,
			);
			path = Balls;
			sourceTree = "<group>";
		};
		78711B81228FD1A7007FE6FD /* BallsTests */ = {
			isa = PBXGroup;
			children = (
				78711B82228FD1A7007FE6FD /* BallsTests.swift */,
				78711B84228FD1A7007FE6FD /* Info.plist */,
			);
			path = BallsTests;
			sourceTree = "<group>";
		};
		78711B8C228FD1A7007FE6FD /* BallsUITests */ = {
			isa = PBXGroup;
			children = (
				78711B8D228FD1A7007FE6FD /* BallsUITests.swift */,
				78711B8F228FD1A7007FE6FD /* Info.plist */,
			);
			path = BallsUITests;
			sourceTree = "<group>";
		};
		78C41B78229043840031F94E /* Fonts */ = {
			isa = PBXGroup;
			children = (
				78C41B792290439E0031F94E /* SourceSansPro-Black.otf */,
				78C41B822290439F0031F94E /* SourceSansPro-BlackIt.otf */,
				78C41B7F2290439F0031F94E /* SourceSansPro-Bold.otf */,
				78C41B832290439F0031F94E /* SourceSansPro-BoldIt.otf */,
				78C41B842290439F0031F94E /* SourceSansPro-ExtraLight.otf */,
				78C41B7C2290439F0031F94E /* SourceSansPro-ExtraLightIt.otf */,
				78C41B7A2290439E0031F94E /* SourceSansPro-It.otf */,
				78C41B812290439F0031F94E /* SourceSansPro-Light.otf */,
				78C41B7D2290439F0031F94E /* SourceSansPro-LightIt.otf */,
				78C41B7E2290439F0031F94E /* SourceSansPro-Regular.otf */,
				78C41B7B2290439E0031F94E /* SourceSansPro-Semibold.otf */,
				78C41B802290439F0031F94E /* SourceSansPro-SemiboldIt.otf */,
				78C41B93229045B70031F94E /* arlrdbd.ttf */,
			);
			path = Fonts;
			sourceTree = "<group>";
		};
/* End PBXGroup section */

/* Begin PBXNativeTarget section */
		78711B67228FD1A5007FE6FD /* Balls */ = {
			isa = PBXNativeTarget;
			buildConfigurationList = 78711B92228FD1A7007FE6FD /* Build configuration list for PBXNativeTarget "Balls" */;
			buildPhases = (
				023F75A8C523FADC248EAEB0 /* [CP] Check Pods Manifest.lock */,
				78711B64228FD1A5007FE6FD /* Sources */,
				78711B65228FD1A5007FE6FD /* Frameworks */,
				78711B66228FD1A5007FE6FD /* Resources */,
				7B7096708E3CA122B472E00F /* [CP] Embed Pods Frameworks */,
			);
			buildRules = (
			);
			dependencies = (
			);
			name = Balls;
			productName = Balls;
			productReference = 78711B68228FD1A5007FE6FD /* Balls.app */;
			productType = "com.apple.product-type.application";
		};
		78711B7D228FD1A7007FE6FD /* BallsTests */ = {
			isa = PBXNativeTarget;
			buildConfigurationList = 78711B95228FD1A7007FE6FD /* Build configuration list for PBXNativeTarget "BallsTests" */;
			buildPhases = (
				CF5924D66606464C5D5760B4 /* [CP] Check Pods Manifest.lock */,
				78711B7A228FD1A7007FE6FD /* Sources */,
				78711B7B228FD1A7007FE6FD /* Frameworks */,
				78711B7C228FD1A7007FE6FD /* Resources */,
			);
			buildRules = (
			);
			dependencies = (
				78711B80228FD1A7007FE6FD /* PBXTargetDependency */,
			);
			name = BallsTests;
			productName = BallsTests;
			productReference = 78711B7E228FD1A7007FE6FD /* BallsTests.xctest */;
			productType = "com.apple.product-type.bundle.unit-test";
		};
		78711B88228FD1A7007FE6FD /* BallsUITests */ = {
			isa = PBXNativeTarget;
			buildConfigurationList = 78711B98228FD1A7007FE6FD /* Build configuration list for PBXNativeTarget "BallsUITests" */;
			buildPhases = (
				05A8A8AA8EDBD730D6DF8E1E /* [CP] Check Pods Manifest.lock */,
				78711B85228FD1A7007FE6FD /* Sources */,
				78711B86228FD1A7007FE6FD /* Frameworks */,
				78711B87228FD1A7007FE6FD /* Resources */,
			);
			buildRules = (
			);
			dependencies = (
				78711B8B228FD1A7007FE6FD /* PBXTargetDependency */,
			);
			name = BallsUITests;
			productName = BallsUITests;
			productReference = 78711B89228FD1A7007FE6FD /* BallsUITests.xctest */;
			productType = "com.apple.product-type.bundle.ui-testing";
		};
/* End PBXNativeTarget section */

/* Begin PBXProject section */
		78711B60228FD1A5007FE6FD /* Project object */ = {
			isa = PBXProject;
			attributes = {
				LastSwiftUpdateCheck = 1020;
				LastUpgradeCheck = 1020;
				ORGANIZATIONNAME = Lundlay;
				TargetAttributes = {
					78711B67228FD1A5007FE6FD = {
						CreatedOnToolsVersion = 10.2.1;
					};
					78711B7D228FD1A7007FE6FD = {
						CreatedOnToolsVersion = 10.2.1;
						TestTargetID = 78711B67228FD1A5007FE6FD;
					};
					78711B88228FD1A7007FE6FD = {
						CreatedOnToolsVersion = 10.2.1;
						TestTargetID = 78711B67228FD1A5007FE6FD;
					};
				};
			};
			buildConfigurationList = 78711B63228FD1A5007FE6FD /* Build configuration list for PBXProject "Balls" */;
			compatibilityVersion = "Xcode 9.3";
			developmentRegion = en;
			hasScannedForEncodings = 0;
			knownRegions = (
				en,
				Base,
			);
			mainGroup = 78711B5F228FD1A5007FE6FD;
			productRefGroup = 78711B69228FD1A5007FE6FD /* Products */;
			projectDirPath = "";
			projectRoot = "";
			targets = (
				78711B67228FD1A5007FE6FD /* Balls */,
				78711B7D228FD1A7007FE6FD /* BallsTests */,
				78711B88228FD1A7007FE6FD /* BallsUITests */,
			);
		};
/* End PBXProject section */

/* Begin PBXResourcesBuildPhase section */
		78711B66228FD1A5007FE6FD /* Resources */ = {
			isa = PBXResourcesBuildPhase;
			buildActionMask = 2147483647;
			files = (
				78C41B882290439F0031F94E /* SourceSansPro-ExtraLightIt.otf in Resources */,
				78C41B8B2290439F0031F94E /* SourceSansPro-Bold.otf in Resources */,
				78C41B862290439F0031F94E /* SourceSansPro-It.otf in Resources */,
				78C41B892290439F0031F94E /* SourceSansPro-LightIt.otf in Resources */,
				78711B78228FD1A7007FE6FD /* LaunchScreen.storyboard in Resources */,
				78C41B852290439F0031F94E /* SourceSansPro-Black.otf in Resources */,
				78C41B8E2290439F0031F94E /* SourceSansPro-BlackIt.otf in Resources */,
				78C41B94229045BC0031F94E /* arlrdbd.ttf in Resources */,
				78711B75228FD1A7007FE6FD /* Assets.xcassets in Resources */,
				78C41B8A2290439F0031F94E /* SourceSansPro-Regular.otf in Resources */,
				78C41B8D2290439F0031F94E /* SourceSansPro-Light.otf in Resources */,
				78C41B8F2290439F0031F94E /* SourceSansPro-BoldIt.otf in Resources */,
				78C41B902290439F0031F94E /* SourceSansPro-ExtraLight.otf in Resources */,
				78C41B872290439F0031F94E /* SourceSansPro-Semibold.otf in Resources */,
				78C41B8C2290439F0031F94E /* SourceSansPro-SemiboldIt.otf in Resources */,
			);
			runOnlyForDeploymentPostprocessing = 0;
		};
		78711B7C228FD1A7007FE6FD /* Resources */ = {
			isa = PBXResourcesBuildPhase;
			buildActionMask = 2147483647;
			files = (
			);
			runOnlyForDeploymentPostprocessing = 0;
		};
		78711B87228FD1A7007FE6FD /* Resources */ = {
			isa = PBXResourcesBuildPhase;
			buildActionMask = 2147483647;
			files = (
			);
			runOnlyForDeploymentPostprocessing = 0;
		};
/* End PBXResourcesBuildPhase section */

/* Begin PBXShellScriptBuildPhase section */
		023F75A8C523FADC248EAEB0 /* [CP] Check Pods Manifest.lock */ = {
			isa = PBXShellScriptBuildPhase;
			buildActionMask = 2147483647;
			files = (
			);
			inputFileListPaths = (
			);
			inputPaths = (
				"${PODS_PODFILE_DIR_PATH}/Podfile.lock",
				"${PODS_ROOT}/Manifest.lock",
			);
			name = "[CP] Check Pods Manifest.lock";
			outputFileListPaths = (
			);
			outputPaths = (
				"$(DERIVED_FILE_DIR)/Pods-Balls-checkManifestLockResult.txt",
			);
			runOnlyForDeploymentPostprocessing = 0;
			shellPath = /bin/sh;
			shellScript = "diff \"${PODS_PODFILE_DIR_PATH}/Podfile.lock\" \"${PODS_ROOT}/Manifest.lock\" > /dev/null\nif [ $? != 0 ] ; then\n    # print error to STDERR\n    echo \"error: The sandbox is not in sync with the Podfile.lock. Run 'pod install' or update your CocoaPods installation.\" >&2\n    exit 1\nfi\n# This output is used by Xcode 'outputs' to avoid re-running this script phase.\necho \"SUCCESS\" > \"${SCRIPT_OUTPUT_FILE_0}\"\n";
			showEnvVarsInLog = 0;
		};
		05A8A8AA8EDBD730D6DF8E1E /* [CP] Check Pods Manifest.lock */ = {
			isa = PBXShellScriptBuildPhase;
			buildActionMask = 2147483647;
			files = (
			);
			inputFileListPaths = (
			);
			inputPaths = (
				"${PODS_PODFILE_DIR_PATH}/Podfile.lock",
				"${PODS_ROOT}/Manifest.lock",
			);
			name = "[CP] Check Pods Manifest.lock";
			outputFileListPaths = (
			);
			outputPaths = (
				"$(DERIVED_FILE_DIR)/Pods-BallsUITests-checkManifestLockResult.txt",
			);
			runOnlyForDeploymentPostprocessing = 0;
			shellPath = /bin/sh;
			shellScript = "diff \"${PODS_PODFILE_DIR_PATH}/Podfile.lock\" \"${PODS_ROOT}/Manifest.lock\" > /dev/null\nif [ $? != 0 ] ; then\n    # print error to STDERR\n    echo \"error: The sandbox is not in sync with the Podfile.lock. Run 'pod install' or update your CocoaPods installation.\" >&2\n    exit 1\nfi\n# This output is used by Xcode 'outputs' to avoid re-running this script phase.\necho \"SUCCESS\" > \"${SCRIPT_OUTPUT_FILE_0}\"\n";
			showEnvVarsInLog = 0;
		};
		7B7096708E3CA122B472E00F /* [CP] Embed Pods Frameworks */ = {
			isa = PBXShellScriptBuildPhase;
			buildActionMask = 2147483647;
			files = (
			);
			inputFileListPaths = (
				"${PODS_ROOT}/Target Support Files/Pods-Balls/Pods-Balls-frameworks-${CONFIGURATION}-input-files.xcfilelist",
			);
			name = "[CP] Embed Pods Frameworks";
			outputFileListPaths = (
				"${PODS_ROOT}/Target Support Files/Pods-Balls/Pods-Balls-frameworks-${CONFIGURATION}-output-files.xcfilelist",
			);
			runOnlyForDeploymentPostprocessing = 0;
			shellPath = /bin/sh;
			shellScript = "\"${PODS_ROOT}/Target Support Files/Pods-Balls/Pods-Balls-frameworks.sh\"\n";
			showEnvVarsInLog = 0;
		};
		CF5924D66606464C5D5760B4 /* [CP] Check Pods Manifest.lock */ = {
			isa = PBXShellScriptBuildPhase;
			buildActionMask = 2147483647;
			files = (
			);
			inputFileListPaths = (
			);
			inputPaths = (
				"${PODS_PODFILE_DIR_PATH}/Podfile.lock",
				"${PODS_ROOT}/Manifest.lock",
			);
			name = "[CP] Check Pods Manifest.lock";
			outputFileListPaths = (
			);
			outputPaths = (
				"$(DERIVED_FILE_DIR)/Pods-BallsTests-checkManifestLockResult.txt",
			);
			runOnlyForDeploymentPostprocessing = 0;
			shellPath = /bin/sh;
			shellScript = "diff \"${PODS_PODFILE_DIR_PATH}/Podfile.lock\" \"${PODS_ROOT}/Manifest.lock\" > /dev/null\nif [ $? != 0 ] ; then\n    # print error to STDERR\n    echo \"error: The sandbox is not in sync with the Podfile.lock. Run 'pod install' or update your CocoaPods installation.\" >&2\n    exit 1\nfi\n# This output is used by Xcode 'outputs' to avoid re-running this script phase.\necho \"SUCCESS\" > \"${SCRIPT_OUTPUT_FILE_0}\"\n";
			showEnvVarsInLog = 0;
		};
/* End PBXShellScriptBuildPhase section */

/* Begin PBXSourcesBuildPhase section */
		78711B64228FD1A5007FE6FD /* Sources */ = {
			isa = PBXSourcesBuildPhase;
			buildActionMask = 2147483647;
			files = (
				78711B6C228FD1A5007FE6FD /* AppDelegate.swift in Sources */,
				7809839A22902498009FB80D /* SignInViewController.swift in Sources */,
				78711B9E228FDF71007FE6FD /* UIColor+Application.swift in Sources */,
				7809839C229035B5009FB80D /* UIGradientView.swift in Sources */,
				78711B9C228FD6D3007FE6FD /* UIBallView.swift in Sources */,
				78C41B92229044820031F94E /* UIFont+Application.swift in Sources */,
			);
			runOnlyForDeploymentPostprocessing = 0;
		};
		78711B7A228FD1A7007FE6FD /* Sources */ = {
			isa = PBXSourcesBuildPhase;
			buildActionMask = 2147483647;
			files = (
				78711B83228FD1A7007FE6FD /* BallsTests.swift in Sources */,
			);
			runOnlyForDeploymentPostprocessing = 0;
		};
		78711B85228FD1A7007FE6FD /* Sources */ = {
			isa = PBXSourcesBuildPhase;
			buildActionMask = 2147483647;
			files = (
				78711B8E228FD1A7007FE6FD /* BallsUITests.swift in Sources */,
			);
			runOnlyForDeploymentPostprocessing = 0;
		};
/* End PBXSourcesBuildPhase section */

/* Begin PBXTargetDependency section */
		78711B80228FD1A7007FE6FD /* PBXTargetDependency */ = {
			isa = PBXTargetDependency;
			target = 78711B67228FD1A5007FE6FD /* Balls */;
			targetProxy = 78711B7F228FD1A7007FE6FD /* PBXContainerItemProxy */;
		};
		78711B8B228FD1A7007FE6FD /* PBXTargetDependency */ = {
			isa = PBXTargetDependency;
			target = 78711B67228FD1A5007FE6FD /* Balls */;
			targetProxy = 78711B8A228FD1A7007FE6FD /* PBXContainerItemProxy */;
		};
/* End PBXTargetDependency section */

/* Begin PBXVariantGroup section */
		78711B76228FD1A7007FE6FD /* LaunchScreen.storyboard */ = {
			isa = PBXVariantGroup;
			children = (
				78711B77228FD1A7007FE6FD /* Base */,
			);
			name = LaunchScreen.storyboard;
			sourceTree = "<group>";
		};
/* End PBXVariantGroup section */

/* Begin XCBuildConfiguration section */
		78711B90228FD1A7007FE6FD /* Debug */ = {
			isa = XCBuildConfiguration;
			buildSettings = {
				ALWAYS_SEARCH_USER_PATHS = NO;
				CLANG_ANALYZER_NONNULL = YES;
				CLANG_ANALYZER_NUMBER_OBJECT_CONVERSION = YES_AGGRESSIVE;
				CLANG_CXX_LANGUAGE_STANDARD = "gnu++14";
				CLANG_CXX_LIBRARY = "libc++";
				CLANG_ENABLE_MODULES = YES;
				CLANG_ENABLE_OBJC_ARC = YES;
				CLANG_ENABLE_OBJC_WEAK = YES;
				CLANG_WARN_BLOCK_CAPTURE_AUTORELEASING = YES;
				CLANG_WARN_BOOL_CONVERSION = YES;
				CLANG_WARN_COMMA = YES;
				CLANG_WARN_CONSTANT_CONVERSION = YES;
				CLANG_WARN_DEPRECATED_OBJC_IMPLEMENTATIONS = YES;
				CLANG_WARN_DIRECT_OBJC_ISA_USAGE = YES_ERROR;
				CLANG_WARN_DOCUMENTATION_COMMENTS = YES;
				CLANG_WARN_EMPTY_BODY = YES;
				CLANG_WARN_ENUM_CONVERSION = YES;
				CLANG_WARN_INFINITE_RECURSION = YES;
				CLANG_WARN_INT_CONVERSION = YES;
				CLANG_WARN_NON_LITERAL_NULL_CONVERSION = YES;
				CLANG_WARN_OBJC_IMPLICIT_RETAIN_SELF = YES;
				CLANG_WARN_OBJC_LITERAL_CONVERSION = YES;
				CLANG_WARN_OBJC_ROOT_CLASS = YES_ERROR;
				CLANG_WARN_RANGE_LOOP_ANALYSIS = YES;
				CLANG_WARN_STRICT_PROTOTYPES = YES;
				CLANG_WARN_SUSPICIOUS_MOVE = YES;
				CLANG_WARN_UNGUARDED_AVAILABILITY = YES_AGGRESSIVE;
				CLANG_WARN_UNREACHABLE_CODE = YES;
				CLANG_WARN__DUPLICATE_METHOD_MATCH = YES;
				CODE_SIGN_IDENTITY = "iPhone Developer";
				COPY_PHASE_STRIP = NO;
				DEBUG_INFORMATION_FORMAT = dwarf;
				ENABLE_STRICT_OBJC_MSGSEND = YES;
				ENABLE_TESTABILITY = YES;
				GCC_C_LANGUAGE_STANDARD = gnu11;
				GCC_DYNAMIC_NO_PIC = NO;
				GCC_NO_COMMON_BLOCKS = YES;
				GCC_OPTIMIZATION_LEVEL = 0;
				GCC_PREPROCESSOR_DEFINITIONS = (
					"DEBUG=1",
					"$(inherited)",
				);
				GCC_WARN_64_TO_32_BIT_CONVERSION = YES;
				GCC_WARN_ABOUT_RETURN_TYPE = YES_ERROR;
				GCC_WARN_UNDECLARED_SELECTOR = YES;
				GCC_WARN_UNINITIALIZED_AUTOS = YES_AGGRESSIVE;
				GCC_WARN_UNUSED_FUNCTION = YES;
				GCC_WARN_UNUSED_VARIABLE = YES;
				IPHONEOS_DEPLOYMENT_TARGET = 12.2;
				MTL_ENABLE_DEBUG_INFO = INCLUDE_SOURCE;
				MTL_FAST_MATH = YES;
				ONLY_ACTIVE_ARCH = YES;
				SDKROOT = iphoneos;
				SWIFT_ACTIVE_COMPILATION_CONDITIONS = DEBUG;
				SWIFT_OPTIMIZATION_LEVEL = "-Onone";
			};
			name = Debug;
		};
		78711B91228FD1A7007FE6FD /* Release */ = {
			isa = XCBuildConfiguration;
			buildSettings = {
				ALWAYS_SEARCH_USER_PATHS = NO;
				CLANG_ANALYZER_NONNULL = YES;
				CLANG_ANALYZER_NUMBER_OBJECT_CONVERSION = YES_AGGRESSIVE;
				CLANG_CXX_LANGUAGE_STANDARD = "gnu++14";
				CLANG_CXX_LIBRARY = "libc++";
				CLANG_ENABLE_MODULES = YES;
				CLANG_ENABLE_OBJC_ARC = YES;
				CLANG_ENABLE_OBJC_WEAK = YES;
				CLANG_WARN_BLOCK_CAPTURE_AUTORELEASING = YES;
				CLANG_WARN_BOOL_CONVERSION = YES;
				CLANG_WARN_COMMA = YES;
				CLANG_WARN_CONSTANT_CONVERSION = YES;
				CLANG_WARN_DEPRECATED_OBJC_IMPLEMENTATIONS = YES;
				CLANG_WARN_DIRECT_OBJC_ISA_USAGE = YES_ERROR;
				CLANG_WARN_DOCUMENTATION_COMMENTS = YES;
				CLANG_WARN_EMPTY_BODY = YES;
				CLANG_WARN_ENUM_CONVERSION = YES;
				CLANG_WARN_INFINITE_RECURSION = YES;
				CLANG_WARN_INT_CONVERSION = YES;
				CLANG_WARN_NON_LITERAL_NULL_CONVERSION = YES;
				CLANG_WARN_OBJC_IMPLICIT_RETAIN_SELF = YES;
				CLANG_WARN_OBJC_LITERAL_CONVERSION = YES;
				CLANG_WARN_OBJC_ROOT_CLASS = YES_ERROR;
				CLANG_WARN_RANGE_LOOP_ANALYSIS = YES;
				CLANG_WARN_STRICT_PROTOTYPES = YES;
				CLANG_WARN_SUSPICIOUS_MOVE = YES;
				CLANG_WARN_UNGUARDED_AVAILABILITY = YES_AGGRESSIVE;
				CLANG_WARN_UNREACHABLE_CODE = YES;
				CLANG_WARN__DUPLICATE_METHOD_MATCH = YES;
				CODE_SIGN_IDENTITY = "iPhone Developer";
				COPY_PHASE_STRIP = NO;
				DEBUG_INFORMATION_FORMAT = "dwarf-with-dsym";
				ENABLE_NS_ASSERTIONS = NO;
				ENABLE_STRICT_OBJC_MSGSEND = YES;
				GCC_C_LANGUAGE_STANDARD = gnu11;
				GCC_NO_COMMON_BLOCKS = YES;
				GCC_WARN_64_TO_32_BIT_CONVERSION = YES;
				GCC_WARN_ABOUT_RETURN_TYPE = YES_ERROR;
				GCC_WARN_UNDECLARED_SELECTOR = YES;
				GCC_WARN_UNINITIALIZED_AUTOS = YES_AGGRESSIVE;
				GCC_WARN_UNUSED_FUNCTION = YES;
				GCC_WARN_UNUSED_VARIABLE = YES;
				IPHONEOS_DEPLOYMENT_TARGET = 12.2;
				MTL_ENABLE_DEBUG_INFO = NO;
				MTL_FAST_MATH = YES;
				SDKROOT = iphoneos;
				SWIFT_COMPILATION_MODE = wholemodule;
				SWIFT_OPTIMIZATION_LEVEL = "-O";
				VALIDATE_PRODUCT = YES;
			};
			name = Release;
		};
		78711B93228FD1A7007FE6FD /* Debug */ = {
			isa = XCBuildConfiguration;
			baseConfigurationReference = AEA937620E54AEFD61F096FB /* Pods-Balls.debug.xcconfig */;
			buildSettings = {
				ASSETCATALOG_COMPILER_APPICON_NAME = AppIcon;
				ASSETCATALOG_COMPILER_LAUNCHIMAGE_NAME = LaunchImage;
				CODE_SIGN_STYLE = Automatic;
				DEVELOPMENT_TEAM = L3PMA9W9RQ;
				INFOPLIST_FILE = Balls/Info.plist;
				LD_RUNPATH_SEARCH_PATHS = (
					"$(inherited)",
					"@executable_path/Frameworks",
				);
				PRODUCT_BUNDLE_IDENTIFIER = com.lundlay.test.Balls;
				PRODUCT_NAME = "$(TARGET_NAME)";
				SWIFT_VERSION = 5.0;
				TARGETED_DEVICE_FAMILY = "1,2";
			};
			name = Debug;
		};
		78711B94228FD1A7007FE6FD /* Release */ = {
			isa = XCBuildConfiguration;
			baseConfigurationReference = 1CC66D03E9F772E9377B8889 /* Pods-Balls.release.xcconfig */;
			buildSettings = {
				ASSETCATALOG_COMPILER_APPICON_NAME = AppIcon;
				ASSETCATALOG_COMPILER_LAUNCHIMAGE_NAME = LaunchImage;
				CODE_SIGN_STYLE = Automatic;
				DEVELOPMENT_TEAM = L3PMA9W9RQ;
				INFOPLIST_FILE = Balls/Info.plist;
				LD_RUNPATH_SEARCH_PATHS = (
					"$(inherited)",
					"@executable_path/Frameworks",
				);
				PRODUCT_BUNDLE_IDENTIFIER = com.lundlay.test.Balls;
				PRODUCT_NAME = "$(TARGET_NAME)";
				SWIFT_VERSION = 5.0;
				TARGETED_DEVICE_FAMILY = "1,2";
			};
			name = Release;
		};
		78711B96228FD1A7007FE6FD /* Debug */ = {
			isa = XCBuildConfiguration;
			baseConfigurationReference = 315EEB9D89A45340D0D9A6E3 /* Pods-BallsTests.debug.xcconfig */;
			buildSettings = {
				ALWAYS_EMBED_SWIFT_STANDARD_LIBRARIES = YES;
				BUNDLE_LOADER = "$(TEST_HOST)";
				CODE_SIGN_STYLE = Automatic;
				DEVELOPMENT_TEAM = L3PMA9W9RQ;
				INFOPLIST_FILE = BallsTests/Info.plist;
				LD_RUNPATH_SEARCH_PATHS = (
					"$(inherited)",
					"@executable_path/Frameworks",
					"@loader_path/Frameworks",
				);
				PRODUCT_BUNDLE_IDENTIFIER = com.lindenvalley.BallsTests;
				PRODUCT_NAME = "$(TARGET_NAME)";
				SWIFT_VERSION = 5.0;
				TARGETED_DEVICE_FAMILY = "1,2";
				TEST_HOST = "$(BUILT_PRODUCTS_DIR)/Balls.app/Balls";
			};
			name = Debug;
		};
		78711B97228FD1A7007FE6FD /* Release */ = {
			isa = XCBuildConfiguration;
			baseConfigurationReference = ED9423E312D7C0E5F1FA2312 /* Pods-BallsTests.release.xcconfig */;
			buildSettings = {
				ALWAYS_EMBED_SWIFT_STANDARD_LIBRARIES = YES;
				BUNDLE_LOADER = "$(TEST_HOST)";
				CODE_SIGN_STYLE = Automatic;
				DEVELOPMENT_TEAM = L3PMA9W9RQ;
				INFOPLIST_FILE = BallsTests/Info.plist;
				LD_RUNPATH_SEARCH_PATHS = (
					"$(inherited)",
					"@executable_path/Frameworks",
					"@loader_path/Frameworks",
				);
				PRODUCT_BUNDLE_IDENTIFIER = com.lindenvalley.BallsTests;
				PRODUCT_NAME = "$(TARGET_NAME)";
				SWIFT_VERSION = 5.0;
				TARGETED_DEVICE_FAMILY = "1,2";
				TEST_HOST = "$(BUILT_PRODUCTS_DIR)/Balls.app/Balls";
			};
			name = Release;
		};
		78711B99228FD1A7007FE6FD /* Debug */ = {
			isa = XCBuildConfiguration;
			baseConfigurationReference = AD1FBFAAB6E1F6F0B2D7ABA7 /* Pods-BallsUITests.debug.xcconfig */;
			buildSettings = {
				ALWAYS_EMBED_SWIFT_STANDARD_LIBRARIES = YES;
				CODE_SIGN_STYLE = Automatic;
				DEVELOPMENT_TEAM = L3PMA9W9RQ;
				INFOPLIST_FILE = BallsUITests/Info.plist;
				LD_RUNPATH_SEARCH_PATHS = (
					"$(inherited)",
					"@executable_path/Frameworks",
					"@loader_path/Frameworks",
				);
				PRODUCT_BUNDLE_IDENTIFIER = com.lindenvalley.BallsUITests;
				PRODUCT_NAME = "$(TARGET_NAME)";
				SWIFT_VERSION = 5.0;
				TARGETED_DEVICE_FAMILY = "1,2";
				TEST_TARGET_NAME = Balls;
			};
			name = Debug;
		};
		78711B9A228FD1A7007FE6FD /* Release */ = {
			isa = XCBuildConfiguration;
			baseConfigurationReference = 90B69F72CDA314B867B1BBF3 /* Pods-BallsUITests.release.xcconfig */;
			buildSettings = {
				ALWAYS_EMBED_SWIFT_STANDARD_LIBRARIES = YES;
				CODE_SIGN_STYLE = Automatic;
				DEVELOPMENT_TEAM = L3PMA9W9RQ;
				INFOPLIST_FILE = BallsUITests/Info.plist;
				LD_RUNPATH_SEARCH_PATHS = (
					"$(inherited)",
					"@executable_path/Frameworks",
					"@loader_path/Frameworks",
				);
				PRODUCT_BUNDLE_IDENTIFIER = com.lindenvalley.BallsUITests;
				PRODUCT_NAME = "$(TARGET_NAME)";
				SWIFT_VERSION = 5.0;
				TARGETED_DEVICE_FAMILY = "1,2";
				TEST_TARGET_NAME = Balls;
			};
			name = Release;
		};
/* End XCBuildConfiguration section */

/* Begin XCConfigurationList section */
		78711B63228FD1A5007FE6FD /* Build configuration list for PBXProject "Balls" */ = {
			isa = XCConfigurationList;
			buildConfigurations = (
				78711B90228FD1A7007FE6FD /* Debug */,
				78711B91228FD1A7007FE6FD /* Release */,
			);
			defaultConfigurationIsVisible = 0;
			defaultConfigurationName = Release;
		};
		78711B92228FD1A7007FE6FD /* Build configuration list for PBXNativeTarget "Balls" */ = {
			isa = XCConfigurationList;
			buildConfigurations = (
				78711B93228FD1A7007FE6FD /* Debug */,
				78711B94228FD1A7007FE6FD /* Release */,
			);
			defaultConfigurationIsVisible = 0;
			defaultConfigurationName = Release;
		};
		78711B95228FD1A7007FE6FD /* Build configuration list for PBXNativeTarget "BallsTests" */ = {
			isa = XCConfigurationList;
			buildConfigurations = (
				78711B96228FD1A7007FE6FD /* Debug */,
				78711B97228FD1A7007FE6FD /* Release */,
			);
			defaultConfigurationIsVisible = 0;
			defaultConfigurationName = Release;
		};
		78711B98228FD1A7007FE6FD /* Build configuration list for PBXNativeTarget "BallsUITests" */ = {
			isa = XCConfigurationList;
			buildConfigurations = (
				78711B99228FD1A7007FE6FD /* Debug */,
				78711B9A228FD1A7007FE6FD /* Release */,
			);
			defaultConfigurationIsVisible = 0;
			defaultConfigurationName = Release;
		};
/* End XCConfigurationList section */
	};
	rootObject = 78711B60228FD1A5007FE6FD /* Project object */;
}
